# This file is generated by running "yarn install" inside your project.
# Manual changes might be lost - proceed with caution!

__metadata:
  version: 6
  cacheKey: 8

"rimraf@npm:^4.1.2":
  version: 4.1.2
  resolution: "rimraf@npm:4.1.2"
  bin:
    rimraf: dist/cjs/src/bin.js
  checksum: 480b8147fd9bcbef3ac118f88a7b1169c3872977a3411a0c84df838bfc30e175a394c0db6f9619fc8b8a886a18c6d779d5e74f380a0075ecc710afaf81b3f50c
  languageName: node
  linkType: hard

"shared@workspace:.":
  version: 0.0.0-use.local
  resolution: "shared@workspace:."
  dependencies:
    rimraf: ^4.1.2
    typescript: ^4.9.5
  peerDependencies:
    "@freik/core-utils": ^1.2.0
  languageName: unknown
  linkType: soft

"typescript@npm:^4.9.5":
  version: 4.9.5
  resolution: "typescript@npm:4.9.5"
  bin:
    tsc: bin/tsc
    tsserver: bin/tsserver
  checksum: ee000bc26848147ad423b581bd250075662a354d84f0e06eb76d3b892328d8d4440b7487b5a83e851b12b255f55d71835b008a66cbf8f255a11e4400159237db
  languageName: node
  linkType: hard

"typescript@patch:typescript@^4.9.5#~builtin<compat/typescript>":
  version: 4.9.5
  resolution: "typescript@patch:typescript@npm%3A4.9.5#~builtin<compat/typescript>::version=4.9.5&hash=23ec76"
  bin:
    tsc: bin/tsc
    tsserver: bin/tsserver
  checksum: ab417a2f398380c90a6cf5a5f74badd17866adf57f1165617d6a551f059c3ba0a3e4da0d147b3ac5681db9ac76a303c5876394b13b3de75fdd5b1eaa06181c9d
  languageName: node
  linkType: hard
